// !$*UTF8*$!
{
	archiveVersion = 1;
	classes = {
	};
	objectVersion = 77;
	objects = {

/* Begin PBXBuildFile section */
		F190EB142CEEF1A200849ECF /* Flash_Card.xcdatamodeld in Sources */ = {isa = PBXBuildFile; fileRef = F190EB042CEEF1A200849ECF /* Flash_Card.xcdatamodeld */; };
		F190EB152CEEF1A200849ECF /* Persistence.swift in Sources */ = {isa = PBXBuildFile; fileRef = F190EB052CEEF1A200849ECF /* Persistence.swift */; };
		F190EB162CEEF1A200849ECF /* AddFlashcardView.swift in Sources */ = {isa = PBXBuildFile; fileRef = F190EB092CEEF1A200849ECF /* AddFlashcardView.swift */; };
		F190EB172CEEF1A200849ECF /* FlashcardListView.swift in Sources */ = {isa = PBXBuildFile; fileRef = F190EB0A2CEEF1A200849ECF /* FlashcardListView.swift */; };
		F190EB182CEEF1A200849ECF /* ShuffleFlashcard.swift in Sources */ = {isa = PBXBuildFile; fileRef = F190EB0B2CEEF1A200849ECF /* ShuffleFlashcard.swift */; };
		F190EB192CEEF1A200849ECF /* StartShuffleFlashcard.swift in Sources */ = {isa = PBXBuildFile; fileRef = F190EB0C2CEEF1A200849ECF /* StartShuffleFlashcard.swift */; };
		F190EB1A2CEEF1A200849ECF /* Flash_CardApp.swift in Sources */ = {isa = PBXBuildFile; fileRef = F190EB0E2CEEF1A200849ECF /* Flash_CardApp.swift */; };
		F190EB1B2CEEF1A200849ECF /* FlashcardViewModel.swift in Sources */ = {isa = PBXBuildFile; fileRef = F190EB0F2CEEF1A200849ECF /* FlashcardViewModel.swift */; };
		F190EB1C2CEEF1A200849ECF /* Preview Assets.xcassets in Resources */ = {isa = PBXBuildFile; fileRef = F190EB072CEEF1A200849ECF /* Preview Assets.xcassets */; };
		F190EB1D2CEEF1A200849ECF /* Assets.xcassets in Resources */ = {isa = PBXBuildFile; fileRef = F190EB112CEEF1A200849ECF /* Assets.xcassets */; };
/* End PBXBuildFile section */

/* Begin PBXFileReference section */
		F167D50A2CECDF7400F7179D /* Flash Card.app */ = {isa = PBXFileReference; explicitFileType = wrapper.application; includeInIndex = 0; path = "Flash Card.app"; sourceTree = BUILT_PRODUCTS_DIR; };
		F190EB052CEEF1A200849ECF /* Persistence.swift */ = {isa = PBXFileReference; lastKnownFileType = sourcecode.swift; path = Persistence.swift; sourceTree = "<group>"; };
		F190EB072CEEF1A200849ECF /* Preview Assets.xcassets */ = {isa = PBXFileReference; lastKnownFileType = folder.assetcatalog; path = "Preview Assets.xcassets"; sourceTree = "<group>"; };
		F190EB092CEEF1A200849ECF /* AddFlashcardView.swift */ = {isa = PBXFileReference; lastKnownFileType = sourcecode.swift; path = AddFlashcardView.swift; sourceTree = "<group>"; };
		F190EB0A2CEEF1A200849ECF /* FlashcardListView.swift */ = {isa = PBXFileReference; lastKnownFileType = sourcecode.swift; path = FlashcardListView.swift; sourceTree = "<group>"; };
		F190EB0B2CEEF1A200849ECF /* ShuffleFlashcard.swift */ = {isa = PBXFileReference; lastKnownFileType = sourcecode.swift; path = ShuffleFlashcard.swift; sourceTree = "<group>"; };
		F190EB0C2CEEF1A200849ECF /* StartShuffleFlashcard.swift */ = {isa = PBXFileReference; lastKnownFileType = sourcecode.swift; path = StartShuffleFlashcard.swift; sourceTree = "<group>"; };
		F190EB0E2CEEF1A200849ECF /* Flash_CardApp.swift */ = {isa = PBXFileReference; lastKnownFileType = sourcecode.swift; path = Flash_CardApp.swift; sourceTree = "<group>"; };
		F190EB0F2CEEF1A200849ECF /* FlashcardViewModel.swift */ = {isa = PBXFileReference; lastKnownFileType = sourcecode.swift; path = FlashcardViewModel.swift; sourceTree = "<group>"; };
		F190EB112CEEF1A200849ECF /* Assets.xcassets */ = {isa = PBXFileReference; lastKnownFileType = folder.assetcatalog; path = Assets.xcassets; sourceTree = "<group>"; };
		F190EB132CEEF1A200849ECF /* Flash_Card.xcdatamodel */ = {isa = PBXFileReference; lastKnownFileType = wrapper.xcdatamodel; path = Flash_Card.xcdatamodel; sourceTree = "<group>"; };
/* End PBXFileReference section */

/* Begin PBXFrameworksBuildPhase section */
		F167D5072CECDF7400F7179D /* Frameworks */ = {
			isa = PBXFrameworksBuildPhase;
			buildActionMask = 2147483647;
			files = (
			);
			runOnlyForDeploymentPostprocessing = 0;
		};
/* End PBXFrameworksBuildPhase section */

/* Begin PBXGroup section */
		F167D5012CECDF7400F7179D = {
			isa = PBXGroup;
			children = (
				F190EB122CEEF1A200849ECF /* Flash Card */,
				F167D50B2CECDF7400F7179D /* Products */,
			);
			sourceTree = "<group>";
		};
		F167D50B2CECDF7400F7179D /* Products */ = {
			isa = PBXGroup;
			children = (
				F167D50A2CECDF7400F7179D /* Flash Card.app */,
			);
			name = Products;
			sourceTree = "<group>";
		};
		F190EB062CEEF1A200849ECF /* Model */ = {
			isa = PBXGroup;
			children = (
				F190EB042CEEF1A200849ECF /* Flash_Card.xcdatamodeld */,
				F190EB052CEEF1A200849ECF /* Persistence.swift */,
			);
			path = Model;
			sourceTree = "<group>";
		};
		F190EB082CEEF1A200849ECF /* Preview Content */ = {
			isa = PBXGroup;
			children = (
				F190EB072CEEF1A200849ECF /* Preview Assets.xcassets */,
			);
			path = "Preview Content";
			sourceTree = "<group>";
		};
		F190EB0D2CEEF1A200849ECF /* View */ = {
			isa = PBXGroup;
			children = (
				F190EB092CEEF1A200849ECF /* AddFlashcardView.swift */,
				F190EB0A2CEEF1A200849ECF /* FlashcardListView.swift */,
				F190EB0B2CEEF1A200849ECF /* ShuffleFlashcard.swift */,
				F190EB0C2CEEF1A200849ECF /* StartShuffleFlashcard.swift */,
			);
			path = View;
			sourceTree = "<group>";
		};
		F190EB102CEEF1A200849ECF /* ViewModel */ = {
			isa = PBXGroup;
			children = (
				F190EB0E2CEEF1A200849ECF /* Flash_CardApp.swift */,
				F190EB0F2CEEF1A200849ECF /* FlashcardViewModel.swift */,
			);
			path = ViewModel;
			sourceTree = "<group>";
		};
		F190EB122CEEF1A200849ECF /* Flash Card */ = {
			isa = PBXGroup;
			children = (
				F190EB062CEEF1A200849ECF /* Model */,
				F190EB082CEEF1A200849ECF /* Preview Content */,
				F190EB0D2CEEF1A200849ECF /* View */,
				F190EB102CEEF1A200849ECF /* ViewModel */,
				F190EB112CEEF1A200849ECF /* Assets.xcassets */,
			);
			path = "Flash Card";
			sourceTree = "<group>";
		};
/* End PBXGroup section */

/* Begin PBXNativeTarget section */
		F167D5092CECDF7400F7179D /* Flash Card */ = {
			isa = PBXNativeTarget;
			buildConfigurationList = F167D51D2CECDF7500F7179D /* Build configuration list for PBXNativeTarget "Flash Card" */;
			buildPhases = (
				F167D5062CECDF7400F7179D /* Sources */,
				F167D5072CECDF7400F7179D /* Frameworks */,
				F167D5082CECDF7400F7179D /* Resources */,
			);
			buildRules = (
			);
			dependencies = (
			);
			name = "Flash Card";
			packageProductDependencies = (
			);
			productName = "Flash Card";
			productReference = F167D50A2CECDF7400F7179D /* Flash Card.app */;
			productType = "com.apple.product-type.application";
		};
/* End PBXNativeTarget section */

/* Begin PBXProject section */
		F167D5022CECDF7400F7179D /* Project object */ = {
			isa = PBXProject;
			attributes = {
				BuildIndependentTargetsInParallel = 1;
				LastSwiftUpdateCheck = 1600;
				LastUpgradeCheck = 1600;
				TargetAttributes = {
					F167D5092CECDF7400F7179D = {
						CreatedOnToolsVersion = 16.0;
					};
				};
			};
			buildConfigurationList = F167D5052CECDF7400F7179D /* Build configuration list for PBXProject "Flash Card" */;
			developmentRegion = en;
			hasScannedForEncodings = 0;
			knownRegions = (
				en,
				Base,
			);
			mainGroup = F167D5012CECDF7400F7179D;
			minimizedProjectReferenceProxies = 1;
			preferredProjectObjectVersion = 77;
			productRefGroup = F167D50B2CECDF7400F7179D /* Products */;
			projectDirPath = "";
			projectRoot = "";
			targets = (
				F167D5092CECDF7400F7179D /* Flash Card */,
			);
		};
/* End PBXProject section */

/* Begin PBXResourcesBuildPhase section */
		F167D5082CECDF7400F7179D /* Resources */ = {
			isa = PBXResourcesBuildPhase;
			buildActionMask = 2147483647;
			files = (
				F190EB1C2CEEF1A200849ECF /* Preview Assets.xcassets in Resources */,
				F190EB1D2CEEF1A200849ECF /* Assets.xcassets in Resources */,
			);
			runOnlyForDeploymentPostprocessing = 0;
		};
/* End PBXResourcesBuildPhase section */

/* Begin PBXSourcesBuildPhase section */
		F167D5062CECDF7400F7179D /* Sources */ = {
			isa = PBXSourcesBuildPhase;
			buildActionMask = 2147483647;
			files = (
				F190EB142CEEF1A200849ECF /* Flash_Card.xcdatamodeld in Sources */,
				F190EB152CEEF1A200849ECF /* Persistence.swift in Sources */,
				F190EB162CEEF1A200849ECF /* AddFlashcardView.swift in Sources */,
				F190EB172CEEF1A200849ECF /* FlashcardListView.swift in Sources */,
				F190EB182CEEF1A200849ECF /* ShuffleFlashcard.swift in Sources */,
				F190EB192CEEF1A200849ECF /* StartShuffleFlashcard.swift in Sources */,
				F190EB1A2CEEF1A200849ECF /* Flash_CardApp.swift in Sources */,
				F190EB1B2CEEF1A200849ECF /* FlashcardViewModel.swift in Sources */,
			);
			runOnlyForDeploymentPostprocessing = 0;
		};
/* End PBXSourcesBuildPhase section */

/* Begin XCBuildConfiguration section */
		F167D51B2CECDF7500F7179D /* Debug */ = {
			isa = XCBuildConfiguration;
			buildSettings = {
				ALWAYS_SEARCH_USER_PATHS = NO;
				ASSETCATALOG_COMPILER_GENERATE_SWIFT_ASSET_SYMBOL_EXTENSIONS = YES;
				CLANG_ANALYZER_NONNULL = YES;
				CLANG_ANALYZER_NUMBER_OBJECT_CONVERSION = YES_AGGRESSIVE;
				CLANG_CXX_LANGUAGE_STANDARD = "gnu++20";
				CLANG_ENABLE_MODULES = YES;
				CLANG_ENABLE_OBJC_ARC = YES;
				CLANG_ENABLE_OBJC_WEAK = YES;
				CLANG_WARN_BLOCK_CAPTURE_AUTORELEASING = YES;
				CLANG_WARN_BOOL_CONVERSION = YES;
				CLANG_WARN_COMMA = YES;
				CLANG_WARN_CONSTANT_CONVERSION = YES;
				CLANG_WARN_DEPRECATED_OBJC_IMPLEMENTATIONS = YES;
				CLANG_WARN_DIRECT_OBJC_ISA_USAGE = YES_ERROR;
				CLANG_WARN_DOCUMENTATION_COMMENTS = YES;
				CLANG_WARN_EMPTY_BODY = YES;
				CLANG_WARN_ENUM_CONVERSION = YES;
				CLANG_WARN_INFINITE_RECURSION = YES;
				CLANG_WARN_INT_CONVERSION = YES;
				CLANG_WARN_NON_LITERAL_NULL_CONVERSION = YES;
				CLANG_WARN_OBJC_IMPLICIT_RETAIN_SELF = YES;
				CLANG_WARN_OBJC_LITERAL_CONVERSION = YES;
				CLANG_WARN_OBJC_ROOT_CLASS = YES_ERROR;
				CLANG_WARN_QUOTED_INCLUDE_IN_FRAMEWORK_HEADER = YES;
				CLANG_WARN_RANGE_LOOP_ANALYSIS = YES;
				CLANG_WARN_STRICT_PROTOTYPES = YES;
				CLANG_WARN_SUSPICIOUS_MOVE = YES;
				CLANG_WARN_UNGUARDED_AVAILABILITY = YES_AGGRESSIVE;
				CLANG_WARN_UNREACHABLE_CODE = YES;
				CLANG_WARN__DUPLICATE_METHOD_MATCH = YES;
				COPY_PHASE_STRIP = NO;
				DEBUG_INFORMATION_FORMAT = dwarf;
				ENABLE_STRICT_OBJC_MSGSEND = YES;
				ENABLE_TESTABILITY = YES;
				ENABLE_USER_SCRIPT_SANDBOXING = YES;
				GCC_C_LANGUAGE_STANDARD = gnu17;
				GCC_DYNAMIC_NO_PIC = NO;
				GCC_NO_COMMON_BLOCKS = YES;
				GCC_OPTIMIZATION_LEVEL = 0;
				GCC_PREPROCESSOR_DEFINITIONS = (
					"DEBUG=1",
					"$(inherited)",
				);
				GCC_WARN_64_TO_32_BIT_CONVERSION = YES;
				GCC_WARN_ABOUT_RETURN_TYPE = YES_ERROR;
				GCC_WARN_UNDECLARED_SELECTOR = YES;
				GCC_WARN_UNINITIALIZED_AUTOS = YES_AGGRESSIVE;
				GCC_WARN_UNUSED_FUNCTION = YES;
				GCC_WARN_UNUSED_VARIABLE = YES;
				IPHONEOS_DEPLOYMENT_TARGET = 18.0;
				LOCALIZATION_PREFERS_STRING_CATALOGS = YES;
				MTL_ENABLE_DEBUG_INFO = INCLUDE_SOURCE;
				MTL_FAST_MATH = YES;
				ONLY_ACTIVE_ARCH = YES;
				SDKROOT = iphoneos;
				SWIFT_ACTIVE_COMPILATION_CONDITIONS = "DEBUG $(inherited)";
				SWIFT_OPTIMIZATION_LEVEL = "-Onone";
			};
			name = Debug;
		};
		F167D51C2CECDF7500F7179D /* Release */ = {
			isa = XCBuildConfiguration;
			buildSettings = {
				ALWAYS_SEARCH_USER_PATHS = NO;
				ASSETCATALOG_COMPILER_GENERATE_SWIFT_ASSET_SYMBOL_EXTENSIONS = YES;
				CLANG_ANALYZER_NONNULL = YES;
				CLANG_ANALYZER_NUMBER_OBJECT_CONVERSION = YES_AGGRESSIVE;
				CLANG_CXX_LANGUAGE_STANDARD = "gnu++20";
				CLANG_ENABLE_MODULES = YES;
				CLANG_ENABLE_OBJC_ARC = YES;
				CLANG_ENABLE_OBJC_WEAK = YES;
				CLANG_WARN_BLOCK_CAPTURE_AUTORELEASING = YES;
				CLANG_WARN_BOOL_CONVERSION = YES;
				CLANG_WARN_COMMA = YES;
				CLANG_WARN_CONSTANT_CONVERSION = YES;
				CLANG_WARN_DEPRECATED_OBJC_IMPLEMENTATIONS = YES;
				CLANG_WARN_DIRECT_OBJC_ISA_USAGE = YES_ERROR;
				CLANG_WARN_DOCUMENTATION_COMMENTS = YES;
				CLANG_WARN_EMPTY_BODY = YES;
				CLANG_WARN_ENUM_CONVERSION = YES;
				CLANG_WARN_INFINITE_RECURSION = YES;
				CLANG_WARN_INT_CONVERSION = YES;
				CLANG_WARN_NON_LITERAL_NULL_CONVERSION = YES;
				CLANG_WARN_OBJC_IMPLICIT_RETAIN_SELF = YES;
				CLANG_WARN_OBJC_LITERAL_CONVERSION = YES;
				CLANG_WARN_OBJC_ROOT_CLASS = YES_ERROR;
				CLANG_WARN_QUOTED_INCLUDE_IN_FRAMEWORK_HEADER = YES;
				CLANG_WARN_RANGE_LOOP_ANALYSIS = YES;
				CLANG_WARN_STRICT_PROTOTYPES = YES;
				CLANG_WARN_SUSPICIOUS_MOVE = YES;
				CLANG_WARN_UNGUARDED_AVAILABILITY = YES_AGGRESSIVE;
				CLANG_WARN_UNREACHABLE_CODE = YES;
				CLANG_WARN__DUPLICATE_METHOD_MATCH = YES;
				COPY_PHASE_STRIP = NO;
				DEBUG_INFORMATION_FORMAT = "dwarf-with-dsym";
				ENABLE_NS_ASSERTIONS = NO;
				ENABLE_STRICT_OBJC_MSGSEND = YES;
				ENABLE_USER_SCRIPT_SANDBOXING = YES;
				GCC_C_LANGUAGE_STANDARD = gnu17;
				GCC_NO_COMMON_BLOCKS = YES;
				GCC_WARN_64_TO_32_BIT_CONVERSION = YES;
				GCC_WARN_ABOUT_RETURN_TYPE = YES_ERROR;
				GCC_WARN_UNDECLARED_SELECTOR = YES;
				GCC_WARN_UNINITIALIZED_AUTOS = YES_AGGRESSIVE;
				GCC_WARN_UNUSED_FUNCTION = YES;
				GCC_WARN_UNUSED_VARIABLE = YES;
				IPHONEOS_DEPLOYMENT_TARGET = 18.0;
				LOCALIZATION_PREFERS_STRING_CATALOGS = YES;
				MTL_ENABLE_DEBUG_INFO = NO;
				MTL_FAST_MATH = YES;
				SDKROOT = iphoneos;
				SWIFT_COMPILATION_MODE = wholemodule;
				VALIDATE_PRODUCT = YES;
			};
			name = Release;
		};
		F167D51E2CECDF7500F7179D /* Debug */ = {
			isa = XCBuildConfiguration;
			buildSettings = {
				ASSETCATALOG_COMPILER_APPICON_NAME = AppIcon;
				ASSETCATALOG_COMPILER_GLOBAL_ACCENT_COLOR_NAME = AccentColor;
				CODE_SIGN_STYLE = Automatic;
				CURRENT_PROJECT_VERSION = 1;
				DEVELOPMENT_ASSET_PATHS = "\"Flash Card/Preview Content\"";
				DEVELOPMENT_TEAM = J392RR49WK;
				ENABLE_PREVIEWS = YES;
				GENERATE_INFOPLIST_FILE = YES;
				INFOPLIST_KEY_UIApplicationSceneManifest_Generation = YES;
				INFOPLIST_KEY_UIApplicationSupportsIndirectInputEvents = YES;
				INFOPLIST_KEY_UILaunchScreen_Generation = YES;
				INFOPLIST_KEY_UISupportedInterfaceOrientations_iPad = "UIInterfaceOrientationPortrait UIInterfaceOrientationPortraitUpsideDown UIInterfaceOrientationLandscapeLeft UIInterfaceOrientationLandscapeRight";
				INFOPLIST_KEY_UISupportedInterfaceOrientations_iPhone = "UIInterfaceOrientationPortrait UIInterfaceOrientationLandscapeLeft UIInterfaceOrientationLandscapeRight";
				IPHONEOS_DEPLOYMENT_TARGET = 16.6;
				LD_RUNPATH_SEARCH_PATHS = (
					"$(inherited)",
					"@executable_path/Frameworks",
				);
				MARKETING_VERSION = 1.0;
				PRODUCT_BUNDLE_IDENTIFIER = "com.septian.Flash-Card";
				PRODUCT_NAME = "$(TARGET_NAME)";
				SWIFT_EMIT_LOC_STRINGS = YES;
				SWIFT_VERSION = 5.0;
				TARGETED_DEVICE_FAMILY = "1,2";
			};
			name = Debug;
		};
		F167D51F2CECDF7500F7179D /* Release */ = {
			isa = XCBuildConfiguration;
			buildSettings = {
				ASSETCATALOG_COMPILER_APPICON_NAME = AppIcon;
				ASSETCATALOG_COMPILER_GLOBAL_ACCENT_COLOR_NAME = AccentColor;
				CODE_SIGN_STYLE = Automatic;
				CURRENT_PROJECT_VERSION = 1;
				DEVELOPMENT_ASSET_PATHS = "\"Flash Card/Preview Content\"";
				DEVELOPMENT_TEAM = J392RR49WK;
				ENABLE_PREVIEWS = YES;
				GENERATE_INFOPLIST_FILE = YES;
				INFOPLIST_KEY_UIApplicationSceneManifest_Generation = YES;
				INFOPLIST_KEY_UIApplicationSupportsIndirectInputEvents = YES;
				INFOPLIST_KEY_UILaunchScreen_Generation = YES;
				INFOPLIST_KEY_UISupportedInterfaceOrientations_iPad = "UIInterfaceOrientationPortrait UIInterfaceOrientationPortraitUpsideDown UIInterfaceOrientationLandscapeLeft UIInterfaceOrientationLandscapeRight";
				INFOPLIST_KEY_UISupportedInterfaceOrientations_iPhone = "UIInterfaceOrientationPortrait UIInterfaceOrientationLandscapeLeft UIInterfaceOrientationLandscapeRight";
				IPHONEOS_DEPLOYMENT_TARGET = 16.6;
				LD_RUNPATH_SEARCH_PATHS = (
					"$(inherited)",
					"@executable_path/Frameworks",
				);
				MARKETING_VERSION = 1.0;
				PRODUCT_BUNDLE_IDENTIFIER = "com.septian.Flash-Card";
				PRODUCT_NAME = "$(TARGET_NAME)";
				SWIFT_EMIT_LOC_STRINGS = YES;
				SWIFT_VERSION = 5.0;
				TARGETED_DEVICE_FAMILY = "1,2";
			};
			name = Release;
		};
/* End XCBuildConfiguration section */

/* Begin XCConfigurationList section */
		F167D5052CECDF7400F7179D /* Build configuration list for PBXProject "Flash Card" */ = {
			isa = XCConfigurationList;
			buildConfigurations = (
				F167D51B2CECDF7500F7179D /* Debug */,
				F167D51C2CECDF7500F7179D /* Release */,
			);
			defaultConfigurationIsVisible = 0;
			defaultConfigurationName = Release;
		};
		F167D51D2CECDF7500F7179D /* Build configuration list for PBXNativeTarget "Flash Card" */ = {
			isa = XCConfigurationList;
			buildConfigurations = (
				F167D51E2CECDF7500F7179D /* Debug */,
				F167D51F2CECDF7500F7179D /* Release */,
			);
			defaultConfigurationIsVisible = 0;
			defaultConfigurationName = Release;
		};
/* End XCConfigurationList section */

/* Begin XCVersionGroup section */
		F190EB042CEEF1A200849ECF /* Flash_Card.xcdatamodeld */ = {
			isa = XCVersionGroup;
			children = (
				F190EB132CEEF1A200849ECF /* Flash_Card.xcdatamodel */,
			);
			currentVersion = F190EB132CEEF1A200849ECF /* Flash_Card.xcdatamodel */;
			path = Flash_Card.xcdatamodeld;
			sourceTree = "<group>";
			versionGroupType = wrapper.xcdatamodel;
		};
/* End XCVersionGroup section */
	};
	rootObject = F167D5022CECDF7400F7179D /* Project object */;
}
